
Microsoft Visual Studio Solution File, Format Version 12.00
# Visual Studio Version 17
VisualStudioVersion = 17.6.33815.320
MinimumVisualStudioVersion = 10.0.40219.1
Project("{FAE04EC0-301F-11D3-BF4B-00C04F79EFBC}") = "ForSwagger3", "ForSwagger3\ForSwagger3.csproj", "{B04CF6C8-69C7-46AB-B84E-2A9590A8D8A1}"
EndProject
Global
	GlobalSection(SolutionConfigurationPlatforms) = preSolution
		Debug|Any CPU = Debug|Any CPU
		Release|Any CPU = Release|Any CPU
	EndGlobalSection
	GlobalSection(ProjectConfigurationPlatforms) = postSolution
		{B04CF6C8-69C7-46AB-B84E-2A9590A8D8A1}.Debug|Any CPU.ActiveCfg = Debug|Any CPU
		{B04CF6C8-69C7-46AB-B84E-2A9590A8D8A1}.Debug|Any CPU.Build.0 = Debug|Any CPU
		{B04CF6C8-69C7-46AB-B84E-2A9590A8D8A1}.Release|Any CPU.ActiveCfg = Release|Any CPU
		{B04CF6C8-69C7-46AB-B84E-2A9590A8D8A1}.Release|Any CPU.Build.0 = Release|Any CPU
	EndGlobalSection
	GlobalSection(SolutionProperties) = preSolution
		HideSolutionNode = FALSE
	EndGlobalSection
	GlobalSection(ExtensibilityGlobals) = postSolution
		SolutionGuid = {A2092828-B543-4D81-B359-7D8AC885EDCD}
	EndGlobalSection
EndGlobal
