
Microsoft Visual Studio Solution File, Format Version 12.00
# Visual Studio Version 17
VisualStudioVersion = 17.6.33723.286
MinimumVisualStudioVersion = 10.0.40219.1
Project("{FAE04EC0-301F-11D3-BF4B-00C04F79EFBC}") = "Cube Input", "Cube Input\Cube Input.csproj", "{A17825D8-6494-47A1-ACA5-5229212F2BB4}"
EndProject
Global
	GlobalSection(SolutionConfigurationPlatforms) = preSolution
		Debug|Any CPU = Debug|Any CPU
		Release|Any CPU = Release|Any CPU
	EndGlobalSection
	GlobalSection(ProjectConfigurationPlatforms) = postSolution
		{A17825D8-6494-47A1-ACA5-5229212F2BB4}.Debug|Any CPU.ActiveCfg = Debug|Any CPU
		{A17825D8-6494-47A1-ACA5-5229212F2BB4}.Debug|Any CPU.Build.0 = Debug|Any CPU
		{A17825D8-6494-47A1-ACA5-5229212F2BB4}.Release|Any CPU.ActiveCfg = Release|Any CPU
		{A17825D8-6494-47A1-ACA5-5229212F2BB4}.Release|Any CPU.Build.0 = Release|Any CPU
	EndGlobalSection
	GlobalSection(SolutionProperties) = preSolution
		HideSolutionNode = FALSE
	EndGlobalSection
	GlobalSection(ExtensibilityGlobals) = postSolution
		SolutionGuid = {EFD78148-9DD2-4810-A0EC-774F69B5803F}
	EndGlobalSection
EndGlobal
