
Microsoft Visual Studio Solution File, Format Version 12.00
# Visual Studio Version 17
VisualStudioVersion = 17.6.33723.286
MinimumVisualStudioVersion = 10.0.40219.1
Project("{FAE04EC0-301F-11D3-BF4B-00C04F79EFBC}") = "Array1", "Array1\Array1.csproj", "{EAF1C9ED-E5CB-49C1-9323-7B154418681A}"
EndProject
Global
	GlobalSection(SolutionConfigurationPlatforms) = preSolution
		Debug|Any CPU = Debug|Any CPU
		Release|Any CPU = Release|Any CPU
	EndGlobalSection
	GlobalSection(ProjectConfigurationPlatforms) = postSolution
		{EAF1C9ED-E5CB-49C1-9323-7B154418681A}.Debug|Any CPU.ActiveCfg = Debug|Any CPU
		{EAF1C9ED-E5CB-49C1-9323-7B154418681A}.Debug|Any CPU.Build.0 = Debug|Any CPU
		{EAF1C9ED-E5CB-49C1-9323-7B154418681A}.Release|Any CPU.ActiveCfg = Release|Any CPU
		{EAF1C9ED-E5CB-49C1-9323-7B154418681A}.Release|Any CPU.Build.0 = Release|Any CPU
	EndGlobalSection
	GlobalSection(SolutionProperties) = preSolution
		HideSolutionNode = FALSE
	EndGlobalSection
	GlobalSection(ExtensibilityGlobals) = postSolution
		SolutionGuid = {D352C046-693A-45DC-A8F1-1ABE40C6494A}
	EndGlobalSection
EndGlobal
