
Microsoft Visual Studio Solution File, Format Version 12.00
# Visual Studio Version 17
VisualStudioVersion = 17.6.33815.320
MinimumVisualStudioVersion = 10.0.40219.1
Project("{FAE04EC0-301F-11D3-BF4B-00C04F79EFBC}") = "HR", "HR\HR.csproj", "{9882D496-4255-4BC0-BA7A-3E13C27FFD58}"
EndProject
Global
	GlobalSection(SolutionConfigurationPlatforms) = preSolution
		Debug|Any CPU = Debug|Any CPU
		Release|Any CPU = Release|Any CPU
	EndGlobalSection
	GlobalSection(ProjectConfigurationPlatforms) = postSolution
		{9882D496-4255-4BC0-BA7A-3E13C27FFD58}.Debug|Any CPU.ActiveCfg = Debug|Any CPU
		{9882D496-4255-4BC0-BA7A-3E13C27FFD58}.Debug|Any CPU.Build.0 = Debug|Any CPU
		{9882D496-4255-4BC0-BA7A-3E13C27FFD58}.Release|Any CPU.ActiveCfg = Release|Any CPU
		{9882D496-4255-4BC0-BA7A-3E13C27FFD58}.Release|Any CPU.Build.0 = Release|Any CPU
	EndGlobalSection
	GlobalSection(SolutionProperties) = preSolution
		HideSolutionNode = FALSE
	EndGlobalSection
	GlobalSection(ExtensibilityGlobals) = postSolution
		SolutionGuid = {7B794A97-ECBB-4BE1-A528-0B8C25BF9903}
	EndGlobalSection
EndGlobal
