
Microsoft Visual Studio Solution File, Format Version 12.00
# Visual Studio Version 17
VisualStudioVersion = 17.6.33815.320
MinimumVisualStudioVersion = 10.0.40219.1
Project("{FAE04EC0-301F-11D3-BF4B-00C04F79EFBC}") = "HR2", "HR2\HR2.csproj", "{ABD8A6E8-3D18-4021-849A-19D77362D75B}"
EndProject
Global
	GlobalSection(SolutionConfigurationPlatforms) = preSolution
		Debug|Any CPU = Debug|Any CPU
		Release|Any CPU = Release|Any CPU
	EndGlobalSection
	GlobalSection(ProjectConfigurationPlatforms) = postSolution
		{ABD8A6E8-3D18-4021-849A-19D77362D75B}.Debug|Any CPU.ActiveCfg = Debug|Any CPU
		{ABD8A6E8-3D18-4021-849A-19D77362D75B}.Debug|Any CPU.Build.0 = Debug|Any CPU
		{ABD8A6E8-3D18-4021-849A-19D77362D75B}.Release|Any CPU.ActiveCfg = Release|Any CPU
		{ABD8A6E8-3D18-4021-849A-19D77362D75B}.Release|Any CPU.Build.0 = Release|Any CPU
	EndGlobalSection
	GlobalSection(SolutionProperties) = preSolution
		HideSolutionNode = FALSE
	EndGlobalSection
	GlobalSection(ExtensibilityGlobals) = postSolution
		SolutionGuid = {A9AE4725-1336-4B6A-840D-3B8F80A6017C}
	EndGlobalSection
EndGlobal
